
Microsoft Visual Studio Solution File, Format Version 12.00
# Visual Studio Version 17
VisualStudioVersion = 17.9.34616.47
MinimumVisualStudioVersion = 10.0.40219.1
Project("{2150E333-8FDC-42A3-9474-1A3956D46DE8}") = "src", "src", "{C86AFC85-0EC2-406D-B195-69EFC36F0292}"
EndProject
Project("{2150E333-8FDC-42A3-9474-1A3956D46DE8}") = "tests", "tests", "{2CDF16DC-0223-4B26-AE9E-27EFDA5B6BC3}"
EndProject
Project("{9A19103F-16F7-4668-BE54-9A1E7A4F7556}") = "Mediscreen.Domain", "Mediscreen.Domain\Mediscreen.Domain.csproj", "{9E2371CC-300C-428A-BD5F-06859B8E6AAA}"
EndProject
Project("{9A19103F-16F7-4668-BE54-9A1E7A4F7556}") = "Mediscreen.API", "Mediscreen.API\Mediscreen.API.csproj", "{7689AE42-96E2-4632-956F-1B71BE272AA9}"
EndProject
Project("{9A19103F-16F7-4668-BE54-9A1E7A4F7556}") = "Mediscreen.Infrastructure", "Mediscreen.Infrastructure\Mediscreen.Infrastructure.csproj", "{A455D517-6FAF-428F-91DC-967B9570771F}"
EndProject
Project("{E53339B2-1760-4266-BCC7-CA923CBCF16C}") = "docker-compose", "docker-compose.dcproj", "{3D516EB5-DAFC-43FE-87EE-9CBB0A88FC56}"
EndProject
Project("{FAE04EC0-301F-11D3-BF4B-00C04F79EFBC}") = "Mediscreen.UI", "..\Mediscreen.UI\Mediscreen.UI.csproj", "{5D354D29-1F29-4C03-A10A-B37F99F6D85C}"
EndProject
Global
	GlobalSection(SolutionConfigurationPlatforms) = preSolution
		Debug|Any CPU = Debug|Any CPU
		Release|Any CPU = Release|Any CPU
	EndGlobalSection
	GlobalSection(ProjectConfigurationPlatforms) = postSolution
		{9E2371CC-300C-428A-BD5F-06859B8E6AAA}.Debug|Any CPU.ActiveCfg = Debug|Any CPU
		{9E2371CC-300C-428A-BD5F-06859B8E6AAA}.Debug|Any CPU.Build.0 = Debug|Any CPU
		{9E2371CC-300C-428A-BD5F-06859B8E6AAA}.Release|Any CPU.ActiveCfg = Release|Any CPU
		{9E2371CC-300C-428A-BD5F-06859B8E6AAA}.Release|Any CPU.Build.0 = Release|Any CPU
		{7689AE42-96E2-4632-956F-1B71BE272AA9}.Debug|Any CPU.ActiveCfg = Debug|Any CPU
		{7689AE42-96E2-4632-956F-1B71BE272AA9}.Debug|Any CPU.Build.0 = Debug|Any CPU
		{7689AE42-96E2-4632-956F-1B71BE272AA9}.Release|Any CPU.ActiveCfg = Release|Any CPU
		{7689AE42-96E2-4632-956F-1B71BE272AA9}.Release|Any CPU.Build.0 = Release|Any CPU
		{A455D517-6FAF-428F-91DC-967B9570771F}.Debug|Any CPU.ActiveCfg = Debug|Any CPU
		{A455D517-6FAF-428F-91DC-967B9570771F}.Debug|Any CPU.Build.0 = Debug|Any CPU
		{A455D517-6FAF-428F-91DC-967B9570771F}.Release|Any CPU.ActiveCfg = Release|Any CPU
		{A455D517-6FAF-428F-91DC-967B9570771F}.Release|Any CPU.Build.0 = Release|Any CPU
		{3D516EB5-DAFC-43FE-87EE-9CBB0A88FC56}.Debug|Any CPU.ActiveCfg = Debug|Any CPU
		{3D516EB5-DAFC-43FE-87EE-9CBB0A88FC56}.Debug|Any CPU.Build.0 = Debug|Any CPU
		{3D516EB5-DAFC-43FE-87EE-9CBB0A88FC56}.Release|Any CPU.ActiveCfg = Release|Any CPU
		{3D516EB5-DAFC-43FE-87EE-9CBB0A88FC56}.Release|Any CPU.Build.0 = Release|Any CPU
		{5D354D29-1F29-4C03-A10A-B37F99F6D85C}.Debug|Any CPU.ActiveCfg = Debug|Any CPU
		{5D354D29-1F29-4C03-A10A-B37F99F6D85C}.Debug|Any CPU.Build.0 = Debug|Any CPU
		{5D354D29-1F29-4C03-A10A-B37F99F6D85C}.Release|Any CPU.ActiveCfg = Release|Any CPU
		{5D354D29-1F29-4C03-A10A-B37F99F6D85C}.Release|Any CPU.Build.0 = Release|Any CPU
	EndGlobalSection
	GlobalSection(SolutionProperties) = preSolution
		HideSolutionNode = FALSE
	EndGlobalSection
	GlobalSection(NestedProjects) = preSolution
		{9E2371CC-300C-428A-BD5F-06859B8E6AAA} = {C86AFC85-0EC2-406D-B195-69EFC36F0292}
		{7689AE42-96E2-4632-956F-1B71BE272AA9} = {C86AFC85-0EC2-406D-B195-69EFC36F0292}
		{A455D517-6FAF-428F-91DC-967B9570771F} = {C86AFC85-0EC2-406D-B195-69EFC36F0292}
		{5D354D29-1F29-4C03-A10A-B37F99F6D85C} = {C86AFC85-0EC2-406D-B195-69EFC36F0292}
	EndGlobalSection
	GlobalSection(ExtensibilityGlobals) = postSolution
		SolutionGuid = {4CE8ED23-18AA-42EF-BF6C-D361BB9A4757}
	EndGlobalSection
EndGlobal
